{
  "name": "@codejamboree/js-logger",
  "version": "1.0.0",
  "lockfileVersion": 3,
  "requires": true,
  "packages": {
    "": {
      "name": "@codejamboree/js-logger",
      "version": "1.0.0",
      "license": "MIT",
      "devDependencies": {
        "@codejamboree/js-test": "^2.2.2"
      }
    },
    "node_modules/@codejamboree/js-test": {
      "version": "2.2.2",
      "resolved": "https://registry.npmjs.org/@codejamboree/js-test/-/js-test-2.2.2.tgz",
      "integrity": "sha512-v0cinWqErLqAGbE4VDXN8IspK0CCRDyLFPbZDfeNJDMdIoO141dKEyXFgmRPBcbQPFovmqhrYJS/PanD71lmpg==",
      "dev": true,
      "license": "MIT"
    }
  }
}
